
Microsoft Visual Studio Solution File, Format Version 12.00
# Visual Studio Version 17
VisualStudioVersion = 17.4.33122.133
MinimumVisualStudioVersion = 10.0.40219.1
Project("{9A19103F-16F7-4668-BE54-9A1E7A4F7556}") = "NintendoShop.Catalog", "NintendoShop.Catalog\NintendoShop.Catalog.csproj", "{D86A2DC0-11B0-468B-A6E2-65C45988F4D8}"
EndProject
Project("{2150E333-8FDC-42A3-9474-1A3956D46DE8}") = "Catalog", "Catalog", "{19E8BE81-2E3C-41D7-A45A-DE4A31E49E7D}"
EndProject
Project("{9A19103F-16F7-4668-BE54-9A1E7A4F7556}") = "NintendoShop.Catalog.BLL", "NintendoShop.Catalog.BL\NintendoShop.Catalog.BLL.csproj", "{45237D4B-90A9-4D0E-90D0-7E3997CA8449}"
EndProject
Project("{9A19103F-16F7-4668-BE54-9A1E7A4F7556}") = "NintendoShop.Catalog.DAL", "NintendoShop.Catalog.DAL\NintendoShop.Catalog.DAL.csproj", "{9720CF09-8058-4CA5-8C0D-FDC7C06A2CC2}"
EndProject
Project("{E53339B2-1760-4266-BCC7-CA923CBCF16C}") = "docker-compose", "docker-compose.dcproj", "{B9514407-040C-4EDA-84A2-502C5436A3AB}"
EndProject
Global
	GlobalSection(SolutionConfigurationPlatforms) = preSolution
		Debug|Any CPU = Debug|Any CPU
		Release|Any CPU = Release|Any CPU
	EndGlobalSection
	GlobalSection(ProjectConfigurationPlatforms) = postSolution
		{D86A2DC0-11B0-468B-A6E2-65C45988F4D8}.Debug|Any CPU.ActiveCfg = Debug|Any CPU
		{D86A2DC0-11B0-468B-A6E2-65C45988F4D8}.Debug|Any CPU.Build.0 = Debug|Any CPU
		{D86A2DC0-11B0-468B-A6E2-65C45988F4D8}.Release|Any CPU.ActiveCfg = Release|Any CPU
		{D86A2DC0-11B0-468B-A6E2-65C45988F4D8}.Release|Any CPU.Build.0 = Release|Any CPU
		{45237D4B-90A9-4D0E-90D0-7E3997CA8449}.Debug|Any CPU.ActiveCfg = Debug|Any CPU
		{45237D4B-90A9-4D0E-90D0-7E3997CA8449}.Debug|Any CPU.Build.0 = Debug|Any CPU
		{45237D4B-90A9-4D0E-90D0-7E3997CA8449}.Release|Any CPU.ActiveCfg = Release|Any CPU
		{45237D4B-90A9-4D0E-90D0-7E3997CA8449}.Release|Any CPU.Build.0 = Release|Any CPU
		{9720CF09-8058-4CA5-8C0D-FDC7C06A2CC2}.Debug|Any CPU.ActiveCfg = Debug|Any CPU
		{9720CF09-8058-4CA5-8C0D-FDC7C06A2CC2}.Debug|Any CPU.Build.0 = Debug|Any CPU
		{9720CF09-8058-4CA5-8C0D-FDC7C06A2CC2}.Release|Any CPU.ActiveCfg = Release|Any CPU
		{9720CF09-8058-4CA5-8C0D-FDC7C06A2CC2}.Release|Any CPU.Build.0 = Release|Any CPU
		{B9514407-040C-4EDA-84A2-502C5436A3AB}.Debug|Any CPU.ActiveCfg = Debug|Any CPU
		{B9514407-040C-4EDA-84A2-502C5436A3AB}.Debug|Any CPU.Build.0 = Debug|Any CPU
		{B9514407-040C-4EDA-84A2-502C5436A3AB}.Release|Any CPU.ActiveCfg = Release|Any CPU
		{B9514407-040C-4EDA-84A2-502C5436A3AB}.Release|Any CPU.Build.0 = Release|Any CPU
	EndGlobalSection
	GlobalSection(SolutionProperties) = preSolution
		HideSolutionNode = FALSE
	EndGlobalSection
	GlobalSection(NestedProjects) = preSolution
		{D86A2DC0-11B0-468B-A6E2-65C45988F4D8} = {19E8BE81-2E3C-41D7-A45A-DE4A31E49E7D}
		{45237D4B-90A9-4D0E-90D0-7E3997CA8449} = {19E8BE81-2E3C-41D7-A45A-DE4A31E49E7D}
		{9720CF09-8058-4CA5-8C0D-FDC7C06A2CC2} = {19E8BE81-2E3C-41D7-A45A-DE4A31E49E7D}
	EndGlobalSection
	GlobalSection(ExtensibilityGlobals) = postSolution
		SolutionGuid = {269B45D2-D368-4F16-BFC1-812505F2A27A}
	EndGlobalSection
EndGlobal
